{
  "name": "muffin-comp",
  "lockfileVersion": 3,
  "requires": true,
  "packages": {
    "": {
      "dependencies": {
        "@netlify/edge-functions": "^2.10.0"
      }
    },
    "node_modules/@netlify/edge-functions": {
      "version": "2.10.0",
      "resolved": "https://registry.npmjs.org/@netlify/edge-functions/-/edge-functions-2.10.0.tgz",
      "integrity": "sha512-toDBus02KyXTeErqXh9mFjH5ocGwSDO8w9q1TkSincqExtm8TMITg3iXr4/SPKE17nKt+olsEuIry5hyM8OJBQ==",
      "license": "MIT"
    }
  }
}
